
Microsoft Visual Studio Solution File, Format Version 12.00
# Visual Studio Version 16
VisualStudioVersion = 16.0.29025.244
MinimumVisualStudioVersion = 10.0.40219.1
Project("{9A19103F-16F7-4668-BE54-9A1E7A4F7556}") = "RPGCuzWhyNot", "RPGCuzWhyNot\RPGCuzWhyNot.csproj", "{4ACFD175-0F2B-47D1-9A9A-98320BF32349}"
EndProject
Global
	GlobalSection(SolutionConfigurationPlatforms) = preSolution
		Debug|Any CPU = Debug|Any CPU
		Release|Any CPU = Release|Any CPU
	EndGlobalSection
	GlobalSection(ProjectConfigurationPlatforms) = postSolution
		{4ACFD175-0F2B-47D1-9A9A-98320BF32349}.Debug|Any CPU.ActiveCfg = Debug|Any CPU
		{4ACFD175-0F2B-47D1-9A9A-98320BF32349}.Debug|Any CPU.Build.0 = Debug|Any CPU
		{4ACFD175-0F2B-47D1-9A9A-98320BF32349}.Release|Any CPU.ActiveCfg = Release|Any CPU
		{4ACFD175-0F2B-47D1-9A9A-98320BF32349}.Release|Any CPU.Build.0 = Release|Any CPU
	EndGlobalSection
	GlobalSection(SolutionProperties) = preSolution
		HideSolutionNode = FALSE
	EndGlobalSection
	GlobalSection(ExtensibilityGlobals) = postSolution
		SolutionGuid = {079E408F-5453-4B1C-A96B-873786232EC5}
	EndGlobalSection
EndGlobal
